
Microsoft Visual Studio Solution File, Format Version 12.00
# Visual Studio Version 17
VisualStudioVersion = 17.6.33801.468
MinimumVisualStudioVersion = 10.0.40219.1
Project("{FAE04EC0-301F-11D3-BF4B-00C04F79EFBC}") = "Atividade 14 09", "Atividade 14 09\Atividade 14 09.csproj", "{9718238E-E663-46A6-B45E-E2F013A75381}"
EndProject
Global
	GlobalSection(SolutionConfigurationPlatforms) = preSolution
		Debug|Any CPU = Debug|Any CPU
		Release|Any CPU = Release|Any CPU
	EndGlobalSection
	GlobalSection(ProjectConfigurationPlatforms) = postSolution
		{9718238E-E663-46A6-B45E-E2F013A75381}.Debug|Any CPU.ActiveCfg = Debug|Any CPU
		{9718238E-E663-46A6-B45E-E2F013A75381}.Debug|Any CPU.Build.0 = Debug|Any CPU
		{9718238E-E663-46A6-B45E-E2F013A75381}.Release|Any CPU.ActiveCfg = Release|Any CPU
		{9718238E-E663-46A6-B45E-E2F013A75381}.Release|Any CPU.Build.0 = Release|Any CPU
	EndGlobalSection
	GlobalSection(SolutionProperties) = preSolution
		HideSolutionNode = FALSE
	EndGlobalSection
	GlobalSection(ExtensibilityGlobals) = postSolution
		SolutionGuid = {64B2BBC5-EF89-4116-BE31-92C39B4FF71D}
	EndGlobalSection
EndGlobal
